
Microsoft Visual Studio Solution File, Format Version 12.00
# Visual Studio Version 17
VisualStudioVersion = 17.3.32825.248
MinimumVisualStudioVersion = 10.0.40219.1
Project("{9A19103F-16F7-4668-BE54-9A1E7A4F7556}") = "TruckRentalChallange", "TruckRentalChallange\TruckRentalChallange.csproj", "{60940A44-CB25-464E-94DB-0AA83BA16960}"
EndProject
Project("{FAE04EC0-301F-11D3-BF4B-00C04F79EFBC}") = "TruckRentalLogicLibrary", "TruckRentalLogicLibrary\TruckRentalLogicLibrary.csproj", "{885F4256-FE08-4FC1-B7E4-718B1CDE6BC7}"
EndProject
Global
	GlobalSection(SolutionConfigurationPlatforms) = preSolution
		Debug|Any CPU = Debug|Any CPU
		Release|Any CPU = Release|Any CPU
	EndGlobalSection
	GlobalSection(ProjectConfigurationPlatforms) = postSolution
		{60940A44-CB25-464E-94DB-0AA83BA16960}.Debug|Any CPU.ActiveCfg = Debug|Any CPU
		{60940A44-CB25-464E-94DB-0AA83BA16960}.Debug|Any CPU.Build.0 = Debug|Any CPU
		{60940A44-CB25-464E-94DB-0AA83BA16960}.Release|Any CPU.ActiveCfg = Release|Any CPU
		{60940A44-CB25-464E-94DB-0AA83BA16960}.Release|Any CPU.Build.0 = Release|Any CPU
		{885F4256-FE08-4FC1-B7E4-718B1CDE6BC7}.Debug|Any CPU.ActiveCfg = Debug|Any CPU
		{885F4256-FE08-4FC1-B7E4-718B1CDE6BC7}.Debug|Any CPU.Build.0 = Debug|Any CPU
		{885F4256-FE08-4FC1-B7E4-718B1CDE6BC7}.Release|Any CPU.ActiveCfg = Release|Any CPU
		{885F4256-FE08-4FC1-B7E4-718B1CDE6BC7}.Release|Any CPU.Build.0 = Release|Any CPU
	EndGlobalSection
	GlobalSection(SolutionProperties) = preSolution
		HideSolutionNode = FALSE
	EndGlobalSection
	GlobalSection(ExtensibilityGlobals) = postSolution
		SolutionGuid = {C162BAFA-F151-4A3D-9842-BC78859CBB9B}
	EndGlobalSection
EndGlobal
